// !$*UTF8*$!
{
	archiveVersion = 1;
	classes = {
	};
	objectVersion = 56;
	objects = {

/* Begin PBXBuildFile section */
		00539673296087C50074C836 /* JSONLoader.swift in Sources */ = {isa = PBXBuildFile; fileRef = 00539672296087C50074C836 /* JSONLoader.swift */; };
		00ED0FF42954BBBD004F9397 /* AppDelegate.swift in Sources */ = {isa = PBXBuildFile; fileRef = 00ED0FF32954BBBD004F9397 /* AppDelegate.swift */; };
		00ED0FF62954BBBD004F9397 /* SceneDelegate.swift in Sources */ = {isa = PBXBuildFile; fileRef = 00ED0FF52954BBBD004F9397 /* SceneDelegate.swift */; };
		00ED0FFD2954BBBE004F9397 /* Assets.xcassets in Resources */ = {isa = PBXBuildFile; fileRef = 00ED0FFC2954BBBE004F9397 /* Assets.xcassets */; };
		00ED10002954BBBE004F9397 /* LaunchScreen.storyboard in Resources */ = {isa = PBXBuildFile; fileRef = 00ED0FFE2954BBBE004F9397 /* LaunchScreen.storyboard */; };
		05C5B87D22270211F29E9F08 /* Pods_UIKit_MVVM_CTests.framework in Frameworks */ = {isa = PBXBuildFile; fileRef = 8A93659A72BBB5C9F19CA5D4 /* Pods_UIKit_MVVM_CTests.framework */; };
		187E761F2D0F2434000A6303 /* Container+Registrations.swift in Sources */ = {isa = PBXBuildFile; fileRef = 187E75E82D0F2434000A6303 /* Container+Registrations.swift */; };
		187E76202D0F2434000A6303 /* Container+ServiceRegistrations.swift in Sources */ = {isa = PBXBuildFile; fileRef = 187E75E92D0F2434000A6303 /* Container+ServiceRegistrations.swift */; };
		187E76212D0F2434000A6303 /* Container+ViewModelRestrations.swift in Sources */ = {isa = PBXBuildFile; fileRef = 187E75EA2D0F2434000A6303 /* Container+ViewModelRestrations.swift */; };
		187E76222D0F2434000A6303 /* NotificationName+Extension.swift in Sources */ = {isa = PBXBuildFile; fileRef = 187E75EC2D0F2434000A6303 /* NotificationName+Extension.swift */; };
		187E76232D0F2434000A6303 /* UIView+RandomGradientBackground.swift in Sources */ = {isa = PBXBuildFile; fileRef = 187E75ED2D0F2434000A6303 /* UIView+RandomGradientBackground.swift */; };
		187E76242D0F2434000A6303 /* SignUpModel.swift in Sources */ = {isa = PBXBuildFile; fileRef = 187E75EF2D0F2434000A6303 /* SignUpModel.swift */; };
		187E76252D0F2434000A6303 /* User.swift in Sources */ = {isa = PBXBuildFile; fileRef = 187E75F02D0F2434000A6303 /* User.swift */; };
		187E76262D0F2434000A6303 /* AuthenticationNetworkService.swift in Sources */ = {isa = PBXBuildFile; fileRef = 187E75F22D0F2434000A6303 /* AuthenticationNetworkService.swift */; };
		187E76272D0F2434000A6303 /* AuthenticationNetworkServicing.swift in Sources */ = {isa = PBXBuildFile; fileRef = 187E75F32D0F2434000A6303 /* AuthenticationNetworkServicing.swift */; };
		187E76282D0F2434000A6303 /* AuthenticationTarget.swift in Sources */ = {isa = PBXBuildFile; fileRef = 187E75F42D0F2434000A6303 /* AuthenticationTarget.swift */; };
		187E76292D0F2434000A6303 /* APIManager.swift in Sources */ = {isa = PBXBuildFile; fileRef = 187E75F72D0F2434000A6303 /* APIManager.swift */; };
		187E762A2D0F2434000A6303 /* APIManaging.swift in Sources */ = {isa = PBXBuildFile; fileRef = 187E75F82D0F2434000A6303 /* APIManaging.swift */; };
		187E762B2D0F2434000A6303 /* SessionManager.swift in Sources */ = {isa = PBXBuildFile; fileRef = 187E75FA2D0F2434000A6303 /* SessionManager.swift */; };
		187E762C2D0F2434000A6303 /* SessionManaging.swift in Sources */ = {isa = PBXBuildFile; fileRef = 187E75FB2D0F2434000A6303 /* SessionManaging.swift */; };
		187E762D2D0F2434000A6303 /* UserDefaultBoolPropertyWrapper.swift in Sources */ = {isa = PBXBuildFile; fileRef = 187E75FD2D0F2434000A6303 /* UserDefaultBoolPropertyWrapper.swift */; };
		187E762E2D0F2434000A6303 /* Coordinator.swift in Sources */ = {isa = PBXBuildFile; fileRef = 187E76002D0F2434000A6303 /* Coordinator.swift */; };
		187E762F2D0F2434000A6303 /* ItemViewModel.swift in Sources */ = {isa = PBXBuildFile; fileRef = 187E76012D0F2434000A6303 /* ItemViewModel.swift */; };
		187E76302D0F2434000A6303 /* ViewModelContainer.swift in Sources */ = {isa = PBXBuildFile; fileRef = 187E76022D0F2434000A6303 /* ViewModelContainer.swift */; };
		187E76312D0F2434000A6303 /* ViewModelType.swift in Sources */ = {isa = PBXBuildFile; fileRef = 187E76032D0F2434000A6303 /* ViewModelType.swift */; };
		187E76422D0F24CB000A6303 /* MockSignInViewModel.swift in Sources */ = {isa = PBXBuildFile; fileRef = 187E76402D0F24CB000A6303 /* MockSignInViewModel.swift */; };
		187E76442D0F24E4000A6303 /* SignInViewModelTests.swift in Sources */ = {isa = PBXBuildFile; fileRef = 187E76432D0F24E4000A6303 /* SignInViewModelTests.swift */; };
		187E765C2D0F2884000A6303 /* ForgotPasswordCoordinator.swift in Sources */ = {isa = PBXBuildFile; fileRef = 187E76452D0F2884000A6303 /* ForgotPasswordCoordinator.swift */; };
		187E765D2D0F2884000A6303 /* ForgotPasswordViewController.swift in Sources */ = {isa = PBXBuildFile; fileRef = 187E76462D0F2884000A6303 /* ForgotPasswordViewController.swift */; };
		187E765E2D0F2884000A6303 /* LogoutViewController.swift in Sources */ = {isa = PBXBuildFile; fileRef = 187E76482D0F2884000A6303 /* LogoutViewController.swift */; };
		187E765F2D0F2884000A6303 /* SignInCoordinator.swift in Sources */ = {isa = PBXBuildFile; fileRef = 187E764A2D0F2884000A6303 /* SignInCoordinator.swift */; };
		187E76602D0F2884000A6303 /* SignInViewController.swift in Sources */ = {isa = PBXBuildFile; fileRef = 187E764B2D0F2884000A6303 /* SignInViewController.swift */; };
		187E76612D0F2884000A6303 /* SignInViewModel.swift in Sources */ = {isa = PBXBuildFile; fileRef = 187E764C2D0F2884000A6303 /* SignInViewModel.swift */; };
		187E76622D0F2884000A6303 /* SignUpCoordinator.swift in Sources */ = {isa = PBXBuildFile; fileRef = 187E764E2D0F2884000A6303 /* SignUpCoordinator.swift */; };
		187E76632D0F2884000A6303 /* SignUpViewController.swift in Sources */ = {isa = PBXBuildFile; fileRef = 187E764F2D0F2884000A6303 /* SignUpViewController.swift */; };
		187E76642D0F2884000A6303 /* AppCoordinator.swift in Sources */ = {isa = PBXBuildFile; fileRef = 187E76522D0F2884000A6303 /* AppCoordinator.swift */; };
		187E76652D0F2884000A6303 /* MainAppCoordinator.swift in Sources */ = {isa = PBXBuildFile; fileRef = 187E76532D0F2884000A6303 /* MainAppCoordinator.swift */; };
		187E76662D0F2884000A6303 /* HomeViewController.swift in Sources */ = {isa = PBXBuildFile; fileRef = 187E76552D0F2884000A6303 /* HomeViewController.swift */; };
		187E76672D0F2884000A6303 /* HomeViewModel.swift in Sources */ = {isa = PBXBuildFile; fileRef = 187E76562D0F2884000A6303 /* HomeViewModel.swift */; };
		187E76682D0F2884000A6303 /* OnboardingCoordinator.swift in Sources */ = {isa = PBXBuildFile; fileRef = 187E76582D0F2884000A6303 /* OnboardingCoordinator.swift */; };
		187E76692D0F2884000A6303 /* OnboardingViewController.swift in Sources */ = {isa = PBXBuildFile; fileRef = 187E76592D0F2884000A6303 /* OnboardingViewController.swift */; };
		5DDB3A0E2D11984B00CEDD0D /* MeshGradientOverview.swift in Sources */ = {isa = PBXBuildFile; fileRef = 5DDB3A0D2D11984B00CEDD0D /* MeshGradientOverview.swift */; };
		5DDB3A112D11C10200CEDD0D /* BaseViewController.swift in Sources */ = {isa = PBXBuildFile; fileRef = 5DDB3A102D11C10200CEDD0D /* BaseViewController.swift */; };
		FB73D2DAA58A3B83373DC8A5 /* Pods_UIKit_MVVM_C.framework in Frameworks */ = {isa = PBXBuildFile; fileRef = 9CA6739EAE298CA2D1B7D7AA /* Pods_UIKit_MVVM_C.framework */; };
/* End PBXBuildFile section */

/* Begin PBXContainerItemProxy section */
		00ED100F2954BBE7004F9397 /* PBXContainerItemProxy */ = {
			isa = PBXContainerItemProxy;
			containerPortal = 00ED0FE82954BBBC004F9397 /* Project object */;
			proxyType = 1;
			remoteGlobalIDString = 00ED0FEF2954BBBD004F9397;
			remoteInfo = "UIKit-MVVM-C";
		};
/* End PBXContainerItemProxy section */

/* Begin PBXFileReference section */
		00539672296087C50074C836 /* JSONLoader.swift */ = {isa = PBXFileReference; fileEncoding = 4; lastKnownFileType = sourcecode.swift; path = JSONLoader.swift; sourceTree = "<group>"; };
		00ED0FF02954BBBD004F9397 /* UIKit-MVVM-C.app */ = {isa = PBXFileReference; explicitFileType = wrapper.application; includeInIndex = 0; path = "UIKit-MVVM-C.app"; sourceTree = BUILT_PRODUCTS_DIR; };
		00ED0FF32954BBBD004F9397 /* AppDelegate.swift */ = {isa = PBXFileReference; lastKnownFileType = sourcecode.swift; path = AppDelegate.swift; sourceTree = "<group>"; };
		00ED0FF52954BBBD004F9397 /* SceneDelegate.swift */ = {isa = PBXFileReference; lastKnownFileType = sourcecode.swift; path = SceneDelegate.swift; sourceTree = "<group>"; };
		00ED0FFC2954BBBE004F9397 /* Assets.xcassets */ = {isa = PBXFileReference; lastKnownFileType = folder.assetcatalog; path = Assets.xcassets; sourceTree = "<group>"; };
		00ED0FFF2954BBBE004F9397 /* Base */ = {isa = PBXFileReference; lastKnownFileType = file.storyboard; name = Base; path = Base.lproj/LaunchScreen.storyboard; sourceTree = "<group>"; };
		00ED10012954BBBE004F9397 /* Info.plist */ = {isa = PBXFileReference; lastKnownFileType = text.plist.xml; path = Info.plist; sourceTree = "<group>"; };
		00ED100B2954BBE7004F9397 /* UIKit-MVVM-CTests.xctest */ = {isa = PBXFileReference; explicitFileType = wrapper.cfbundle; includeInIndex = 0; path = "UIKit-MVVM-CTests.xctest"; sourceTree = BUILT_PRODUCTS_DIR; };
		187E75E82D0F2434000A6303 /* Container+Registrations.swift */ = {isa = PBXFileReference; fileEncoding = 4; lastKnownFileType = sourcecode.swift; path = "Container+Registrations.swift"; sourceTree = "<group>"; };
		187E75E92D0F2434000A6303 /* Container+ServiceRegistrations.swift */ = {isa = PBXFileReference; fileEncoding = 4; lastKnownFileType = sourcecode.swift; path = "Container+ServiceRegistrations.swift"; sourceTree = "<group>"; };
		187E75EA2D0F2434000A6303 /* Container+ViewModelRestrations.swift */ = {isa = PBXFileReference; fileEncoding = 4; lastKnownFileType = sourcecode.swift; path = "Container+ViewModelRestrations.swift"; sourceTree = "<group>"; };
		187E75EC2D0F2434000A6303 /* NotificationName+Extension.swift */ = {isa = PBXFileReference; fileEncoding = 4; lastKnownFileType = sourcecode.swift; path = "NotificationName+Extension.swift"; sourceTree = "<group>"; };
		187E75ED2D0F2434000A6303 /* UIView+RandomGradientBackground.swift */ = {isa = PBXFileReference; fileEncoding = 4; lastKnownFileType = sourcecode.swift; path = "UIView+RandomGradientBackground.swift"; sourceTree = "<group>"; };
		187E75EF2D0F2434000A6303 /* SignUpModel.swift */ = {isa = PBXFileReference; fileEncoding = 4; lastKnownFileType = sourcecode.swift; path = SignUpModel.swift; sourceTree = "<group>"; };
		187E75F02D0F2434000A6303 /* User.swift */ = {isa = PBXFileReference; fileEncoding = 4; lastKnownFileType = sourcecode.swift; path = User.swift; sourceTree = "<group>"; };
		187E75F22D0F2434000A6303 /* AuthenticationNetworkService.swift */ = {isa = PBXFileReference; fileEncoding = 4; lastKnownFileType = sourcecode.swift; path = AuthenticationNetworkService.swift; sourceTree = "<group>"; };
		187E75F32D0F2434000A6303 /* AuthenticationNetworkServicing.swift */ = {isa = PBXFileReference; fileEncoding = 4; lastKnownFileType = sourcecode.swift; path = AuthenticationNetworkServicing.swift; sourceTree = "<group>"; };
		187E75F42D0F2434000A6303 /* AuthenticationTarget.swift */ = {isa = PBXFileReference; fileEncoding = 4; lastKnownFileType = sourcecode.swift; path = AuthenticationTarget.swift; sourceTree = "<group>"; };
		187E75F72D0F2434000A6303 /* APIManager.swift */ = {isa = PBXFileReference; fileEncoding = 4; lastKnownFileType = sourcecode.swift; path = APIManager.swift; sourceTree = "<group>"; };
		187E75F82D0F2434000A6303 /* APIManaging.swift */ = {isa = PBXFileReference; fileEncoding = 4; lastKnownFileType = sourcecode.swift; path = APIManaging.swift; sourceTree = "<group>"; };
		187E75FA2D0F2434000A6303 /* SessionManager.swift */ = {isa = PBXFileReference; fileEncoding = 4; lastKnownFileType = sourcecode.swift; path = SessionManager.swift; sourceTree = "<group>"; };
		187E75FB2D0F2434000A6303 /* SessionManaging.swift */ = {isa = PBXFileReference; fileEncoding = 4; lastKnownFileType = sourcecode.swift; path = SessionManaging.swift; sourceTree = "<group>"; };
		187E75FD2D0F2434000A6303 /* UserDefaultBoolPropertyWrapper.swift */ = {isa = PBXFileReference; fileEncoding = 4; lastKnownFileType = sourcecode.swift; path = UserDefaultBoolPropertyWrapper.swift; sourceTree = "<group>"; };
		187E76002D0F2434000A6303 /* Coordinator.swift */ = {isa = PBXFileReference; fileEncoding = 4; lastKnownFileType = sourcecode.swift; path = Coordinator.swift; sourceTree = "<group>"; };
		187E76012D0F2434000A6303 /* ItemViewModel.swift */ = {isa = PBXFileReference; fileEncoding = 4; lastKnownFileType = sourcecode.swift; path = ItemViewModel.swift; sourceTree = "<group>"; };
		187E76022D0F2434000A6303 /* ViewModelContainer.swift */ = {isa = PBXFileReference; fileEncoding = 4; lastKnownFileType = sourcecode.swift; path = ViewModelContainer.swift; sourceTree = "<group>"; };
		187E76032D0F2434000A6303 /* ViewModelType.swift */ = {isa = PBXFileReference; fileEncoding = 4; lastKnownFileType = sourcecode.swift; path = ViewModelType.swift; sourceTree = "<group>"; };
		187E76052D0F2434000A6303 /* Understanding-Swinject-Library.playground */ = {isa = PBXFileReference; lastKnownFileType = file.playground; path = "Understanding-Swinject-Library.playground"; sourceTree = "<group>"; };
		187E76402D0F24CB000A6303 /* MockSignInViewModel.swift */ = {isa = PBXFileReference; fileEncoding = 4; lastKnownFileType = sourcecode.swift; path = MockSignInViewModel.swift; sourceTree = "<group>"; };
		187E76432D0F24E4000A6303 /* SignInViewModelTests.swift */ = {isa = PBXFileReference; fileEncoding = 4; lastKnownFileType = sourcecode.swift; path = SignInViewModelTests.swift; sourceTree = "<group>"; };
		187E76452D0F2884000A6303 /* ForgotPasswordCoordinator.swift */ = {isa = PBXFileReference; fileEncoding = 4; lastKnownFileType = sourcecode.swift; path = ForgotPasswordCoordinator.swift; sourceTree = "<group>"; };
		187E76462D0F2884000A6303 /* ForgotPasswordViewController.swift */ = {isa = PBXFileReference; fileEncoding = 4; lastKnownFileType = sourcecode.swift; path = ForgotPasswordViewController.swift; sourceTree = "<group>"; };
		187E76482D0F2884000A6303 /* LogoutViewController.swift */ = {isa = PBXFileReference; fileEncoding = 4; lastKnownFileType = sourcecode.swift; path = LogoutViewController.swift; sourceTree = "<group>"; };
		187E764A2D0F2884000A6303 /* SignInCoordinator.swift */ = {isa = PBXFileReference; fileEncoding = 4; lastKnownFileType = sourcecode.swift; path = SignInCoordinator.swift; sourceTree = "<group>"; };
		187E764B2D0F2884000A6303 /* SignInViewController.swift */ = {isa = PBXFileReference; fileEncoding = 4; lastKnownFileType = sourcecode.swift; path = SignInViewController.swift; sourceTree = "<group>"; };
		187E764C2D0F2884000A6303 /* SignInViewModel.swift */ = {isa = PBXFileReference; fileEncoding = 4; lastKnownFileType = sourcecode.swift; path = SignInViewModel.swift; sourceTree = "<group>"; };
		187E764E2D0F2884000A6303 /* SignUpCoordinator.swift */ = {isa = PBXFileReference; fileEncoding = 4; lastKnownFileType = sourcecode.swift; path = SignUpCoordinator.swift; sourceTree = "<group>"; };
		187E764F2D0F2884000A6303 /* SignUpViewController.swift */ = {isa = PBXFileReference; fileEncoding = 4; lastKnownFileType = sourcecode.swift; path = SignUpViewController.swift; sourceTree = "<group>"; };
		187E76522D0F2884000A6303 /* AppCoordinator.swift */ = {isa = PBXFileReference; fileEncoding = 4; lastKnownFileType = sourcecode.swift; path = AppCoordinator.swift; sourceTree = "<group>"; };
		187E76532D0F2884000A6303 /* MainAppCoordinator.swift */ = {isa = PBXFileReference; fileEncoding = 4; lastKnownFileType = sourcecode.swift; path = MainAppCoordinator.swift; sourceTree = "<group>"; };
		187E76552D0F2884000A6303 /* HomeViewController.swift */ = {isa = PBXFileReference; fileEncoding = 4; lastKnownFileType = sourcecode.swift; path = HomeViewController.swift; sourceTree = "<group>"; };
		187E76562D0F2884000A6303 /* HomeViewModel.swift */ = {isa = PBXFileReference; fileEncoding = 4; lastKnownFileType = sourcecode.swift; path = HomeViewModel.swift; sourceTree = "<group>"; };
		187E76582D0F2884000A6303 /* OnboardingCoordinator.swift */ = {isa = PBXFileReference; fileEncoding = 4; lastKnownFileType = sourcecode.swift; path = OnboardingCoordinator.swift; sourceTree = "<group>"; };
		187E76592D0F2884000A6303 /* OnboardingViewController.swift */ = {isa = PBXFileReference; fileEncoding = 4; lastKnownFileType = sourcecode.swift; path = OnboardingViewController.swift; sourceTree = "<group>"; };
		4500DCFBB267938919DE9EE7 /* Pods-UIKit-MVVM-CTests.release.xcconfig */ = {isa = PBXFileReference; includeInIndex = 1; lastKnownFileType = text.xcconfig; name = "Pods-UIKit-MVVM-CTests.release.xcconfig"; path = "Target Support Files/Pods-UIKit-MVVM-CTests/Pods-UIKit-MVVM-CTests.release.xcconfig"; sourceTree = "<group>"; };
		5DDB3A0D2D11984B00CEDD0D /* MeshGradientOverview.swift */ = {isa = PBXFileReference; lastKnownFileType = sourcecode.swift; path = MeshGradientOverview.swift; sourceTree = "<group>"; };
		5DDB3A102D11C10200CEDD0D /* BaseViewController.swift */ = {isa = PBXFileReference; lastKnownFileType = sourcecode.swift; path = BaseViewController.swift; sourceTree = "<group>"; };
		8A93659A72BBB5C9F19CA5D4 /* Pods_UIKit_MVVM_CTests.framework */ = {isa = PBXFileReference; explicitFileType = wrapper.framework; includeInIndex = 0; path = Pods_UIKit_MVVM_CTests.framework; sourceTree = BUILT_PRODUCTS_DIR; };
		9BE49B97CA3397D5468EF3D1 /* Pods-UIKit-MVVM-C.release.xcconfig */ = {isa = PBXFileReference; includeInIndex = 1; lastKnownFileType = text.xcconfig; name = "Pods-UIKit-MVVM-C.release.xcconfig"; path = "Target Support Files/Pods-UIKit-MVVM-C/Pods-UIKit-MVVM-C.release.xcconfig"; sourceTree = "<group>"; };
		9CA6739EAE298CA2D1B7D7AA /* Pods_UIKit_MVVM_C.framework */ = {isa = PBXFileReference; explicitFileType = wrapper.framework; includeInIndex = 0; path = Pods_UIKit_MVVM_C.framework; sourceTree = BUILT_PRODUCTS_DIR; };
		B34C11E876FE67C265F21354 /* Pods-UIKit-MVVM-C.debug.xcconfig */ = {isa = PBXFileReference; includeInIndex = 1; lastKnownFileType = text.xcconfig; name = "Pods-UIKit-MVVM-C.debug.xcconfig"; path = "Target Support Files/Pods-UIKit-MVVM-C/Pods-UIKit-MVVM-C.debug.xcconfig"; sourceTree = "<group>"; };
		CC1092B1053125ED8CA06FB4 /* Pods-UIKit-MVVM-CTests.debug.xcconfig */ = {isa = PBXFileReference; includeInIndex = 1; lastKnownFileType = text.xcconfig; name = "Pods-UIKit-MVVM-CTests.debug.xcconfig"; path = "Target Support Files/Pods-UIKit-MVVM-CTests/Pods-UIKit-MVVM-CTests.debug.xcconfig"; sourceTree = "<group>"; };
/* End PBXFileReference section */

/* Begin PBXFrameworksBuildPhase section */
		00ED0FED2954BBBD004F9397 /* Frameworks */ = {
			isa = PBXFrameworksBuildPhase;
			buildActionMask = 2147483647;
			files = (
				FB73D2DAA58A3B83373DC8A5 /* Pods_UIKit_MVVM_C.framework in Frameworks */,
			);
			runOnlyForDeploymentPostprocessing = 0;
		};
		00ED10082954BBE7004F9397 /* Frameworks */ = {
			isa = PBXFrameworksBuildPhase;
			buildActionMask = 2147483647;
			files = (
				05C5B87D22270211F29E9F08 /* Pods_UIKit_MVVM_CTests.framework in Frameworks */,
			);
			runOnlyForDeploymentPostprocessing = 0;
		};
/* End PBXFrameworksBuildPhase section */

/* Begin PBXGroup section */
		00539671296087B50074C836 /* Utils */ = {
			isa = PBXGroup;
			children = (
				00539672296087C50074C836 /* JSONLoader.swift */,
			);
			path = Utils;
			sourceTree = "<group>";
		};
		00539679296089330074C836 /* Tests */ = {
			isa = PBXGroup;
			children = (
				187E76432D0F24E4000A6303 /* SignInViewModelTests.swift */,
			);
			path = Tests;
			sourceTree = "<group>";
		};
		00ED0FE72954BBBC004F9397 = {
			isa = PBXGroup;
			children = (
				00ED0FF22954BBBD004F9397 /* UIKit-MVVM-C */,
				00ED100C2954BBE7004F9397 /* UIKit-MVVM-CTests */,
				00ED0FF12954BBBD004F9397 /* Products */,
				1BF39E66D7ED2B1B1E6C2D12 /* Pods */,
				EA373BF0BC64EAF82B12B19B /* Frameworks */,
			);
			sourceTree = "<group>";
		};
		00ED0FF12954BBBD004F9397 /* Products */ = {
			isa = PBXGroup;
			children = (
				00ED0FF02954BBBD004F9397 /* UIKit-MVVM-C.app */,
				00ED100B2954BBE7004F9397 /* UIKit-MVVM-CTests.xctest */,
			);
			name = Products;
			sourceTree = "<group>";
		};
		00ED0FF22954BBBD004F9397 /* UIKit-MVVM-C */ = {
			isa = PBXGroup;
			children = (
				187E76042D0F2434000A6303 /* Base */,
				187E765B2D0F2884000A6303 /* Modules */,
				187E75FF2D0F2434000A6303 /* Common */,
				187E75EE2D0F2434000A6303 /* Extensions */,
				187E76062D0F2434000A6303 /* Extra */,
				00ED0FF32954BBBD004F9397 /* AppDelegate.swift */,
				00ED0FF52954BBBD004F9397 /* SceneDelegate.swift */,
				00ED0FFC2954BBBE004F9397 /* Assets.xcassets */,
				00ED0FFE2954BBBE004F9397 /* LaunchScreen.storyboard */,
				00ED10012954BBBE004F9397 /* Info.plist */,
			);
			path = "UIKit-MVVM-C";
			sourceTree = "<group>";
		};
		00ED100C2954BBE7004F9397 /* UIKit-MVVM-CTests */ = {
			isa = PBXGroup;
			children = (
				00539679296089330074C836 /* Tests */,
				187E76412D0F24CB000A6303 /* MockViewModels */,
				00539671296087B50074C836 /* Utils */,
			);
			path = "UIKit-MVVM-CTests";
			sourceTree = "<group>";
		};
		187E75EB2D0F2434000A6303 /* SwinjectContainer */ = {
			isa = PBXGroup;
			children = (
				187E75E82D0F2434000A6303 /* Container+Registrations.swift */,
				187E75E92D0F2434000A6303 /* Container+ServiceRegistrations.swift */,
				187E75EA2D0F2434000A6303 /* Container+ViewModelRestrations.swift */,
			);
			path = SwinjectContainer;
			sourceTree = "<group>";
		};
		187E75EE2D0F2434000A6303 /* Extensions */ = {
			isa = PBXGroup;
			children = (
				187E75EB2D0F2434000A6303 /* SwinjectContainer */,
				187E75EC2D0F2434000A6303 /* NotificationName+Extension.swift */,
				187E75ED2D0F2434000A6303 /* UIView+RandomGradientBackground.swift */,
			);
			path = Extensions;
			sourceTree = "<group>";
		};
		187E75F12D0F2434000A6303 /* Models */ = {
			isa = PBXGroup;
			children = (
				187E75EF2D0F2434000A6303 /* SignUpModel.swift */,
				187E75F02D0F2434000A6303 /* User.swift */,
			);
			path = Models;
			sourceTree = "<group>";
		};
		187E75F52D0F2434000A6303 /* Authentication */ = {
			isa = PBXGroup;
			children = (
				187E75F22D0F2434000A6303 /* AuthenticationNetworkService.swift */,
				187E75F32D0F2434000A6303 /* AuthenticationNetworkServicing.swift */,
				187E75F42D0F2434000A6303 /* AuthenticationTarget.swift */,
			);
			path = Authentication;
			sourceTree = "<group>";
		};
		187E75F62D0F2434000A6303 /* Services */ = {
			isa = PBXGroup;
			children = (
				187E75F52D0F2434000A6303 /* Authentication */,
			);
			path = Services;
			sourceTree = "<group>";
		};
		187E75F92D0F2434000A6303 /* Networking */ = {
			isa = PBXGroup;
			children = (
				187E75F62D0F2434000A6303 /* Services */,
				187E75F72D0F2434000A6303 /* APIManager.swift */,
				187E75F82D0F2434000A6303 /* APIManaging.swift */,
			);
			path = Networking;
			sourceTree = "<group>";
		};
		187E75FC2D0F2434000A6303 /* Services */ = {
			isa = PBXGroup;
			children = (
				187E75F92D0F2434000A6303 /* Networking */,
				187E75FA2D0F2434000A6303 /* SessionManager.swift */,
				187E75FB2D0F2434000A6303 /* SessionManaging.swift */,
			);
			path = Services;
			sourceTree = "<group>";
		};
		187E75FE2D0F2434000A6303 /* Utils */ = {
			isa = PBXGroup;
			children = (
				187E75FD2D0F2434000A6303 /* UserDefaultBoolPropertyWrapper.swift */,
			);
			path = Utils;
			sourceTree = "<group>";
		};
		187E75FF2D0F2434000A6303 /* Common */ = {
			isa = PBXGroup;
			children = (
				5DDB3A0F2D1198FF00CEDD0D /* Helper */,
				187E75F12D0F2434000A6303 /* Models */,
				187E75FC2D0F2434000A6303 /* Services */,
				187E75FE2D0F2434000A6303 /* Utils */,
			);
			path = Common;
			sourceTree = "<group>";
		};
		187E76042D0F2434000A6303 /* Base */ = {
			isa = PBXGroup;
			children = (
				187E76002D0F2434000A6303 /* Coordinator.swift */,
				187E76012D0F2434000A6303 /* ItemViewModel.swift */,
				187E76022D0F2434000A6303 /* ViewModelContainer.swift */,
				187E76032D0F2434000A6303 /* ViewModelType.swift */,
			);
			path = Base;
			sourceTree = "<group>";
		};
		187E76062D0F2434000A6303 /* Extra */ = {
			isa = PBXGroup;
			children = (
				187E76052D0F2434000A6303 /* Understanding-Swinject-Library.playground */,
			);
			path = Extra;
			sourceTree = "<group>";
		};
		187E76412D0F24CB000A6303 /* MockViewModels */ = {
			isa = PBXGroup;
			children = (
				187E76402D0F24CB000A6303 /* MockSignInViewModel.swift */,
			);
			path = MockViewModels;
			sourceTree = "<group>";
		};
		187E76472D0F2884000A6303 /* ForgotPassword */ = {
			isa = PBXGroup;
			children = (
				187E76452D0F2884000A6303 /* ForgotPasswordCoordinator.swift */,
				187E76462D0F2884000A6303 /* ForgotPasswordViewController.swift */,
			);
			path = ForgotPassword;
			sourceTree = "<group>";
		};
		187E76492D0F2884000A6303 /* Logout */ = {
			isa = PBXGroup;
			children = (
				187E76482D0F2884000A6303 /* LogoutViewController.swift */,
			);
			path = Logout;
			sourceTree = "<group>";
		};
		187E764D2D0F2884000A6303 /* SignIn */ = {
			isa = PBXGroup;
			children = (
				187E764A2D0F2884000A6303 /* SignInCoordinator.swift */,
				187E764B2D0F2884000A6303 /* SignInViewController.swift */,
				187E764C2D0F2884000A6303 /* SignInViewModel.swift */,
			);
			path = SignIn;
			sourceTree = "<group>";
		};
		187E76502D0F2884000A6303 /* SignUp */ = {
			isa = PBXGroup;
			children = (
				187E764E2D0F2884000A6303 /* SignUpCoordinator.swift */,
				187E764F2D0F2884000A6303 /* SignUpViewController.swift */,
			);
			path = SignUp;
			sourceTree = "<group>";
		};
		187E76512D0F2884000A6303 /* Authentication */ = {
			isa = PBXGroup;
			children = (
				187E76472D0F2884000A6303 /* ForgotPassword */,
				187E76492D0F2884000A6303 /* Logout */,
				187E764D2D0F2884000A6303 /* SignIn */,
				187E76502D0F2884000A6303 /* SignUp */,
			);
			path = Authentication;
			sourceTree = "<group>";
		};
		187E76542D0F2884000A6303 /* Coordinators */ = {
			isa = PBXGroup;
			children = (
				187E76522D0F2884000A6303 /* AppCoordinator.swift */,
				187E76532D0F2884000A6303 /* MainAppCoordinator.swift */,
			);
			path = Coordinators;
			sourceTree = "<group>";
		};
		187E76572D0F2884000A6303 /* Home */ = {
			isa = PBXGroup;
			children = (
				187E76552D0F2884000A6303 /* HomeViewController.swift */,
				187E76562D0F2884000A6303 /* HomeViewModel.swift */,
			);
			path = Home;
			sourceTree = "<group>";
		};
		187E765A2D0F2884000A6303 /* Onboarding */ = {
			isa = PBXGroup;
			children = (
				187E76582D0F2884000A6303 /* OnboardingCoordinator.swift */,
				187E76592D0F2884000A6303 /* OnboardingViewController.swift */,
			);
			path = Onboarding;
			sourceTree = "<group>";
		};
		187E765B2D0F2884000A6303 /* Modules */ = {
			isa = PBXGroup;
			children = (
				187E76512D0F2884000A6303 /* Authentication */,
				187E76542D0F2884000A6303 /* Coordinators */,
				187E76572D0F2884000A6303 /* Home */,
				187E765A2D0F2884000A6303 /* Onboarding */,
			);
			path = Modules;
			sourceTree = "<group>";
		};
		1BF39E66D7ED2B1B1E6C2D12 /* Pods */ = {
			isa = PBXGroup;
			children = (
				B34C11E876FE67C265F21354 /* Pods-UIKit-MVVM-C.debug.xcconfig */,
				9BE49B97CA3397D5468EF3D1 /* Pods-UIKit-MVVM-C.release.xcconfig */,
				CC1092B1053125ED8CA06FB4 /* Pods-UIKit-MVVM-CTests.debug.xcconfig */,
				4500DCFBB267938919DE9EE7 /* Pods-UIKit-MVVM-CTests.release.xcconfig */,
			);
			path = Pods;
			sourceTree = "<group>";
		};
		5DDB3A0F2D1198FF00CEDD0D /* Helper */ = {
			isa = PBXGroup;
			children = (
				5DDB3A0D2D11984B00CEDD0D /* MeshGradientOverview.swift */,
				5DDB3A102D11C10200CEDD0D /* BaseViewController.swift */,
			);
			path = Helper;
			sourceTree = "<group>";
		};
		EA373BF0BC64EAF82B12B19B /* Frameworks */ = {
			isa = PBXGroup;
			children = (
				9CA6739EAE298CA2D1B7D7AA /* Pods_UIKit_MVVM_C.framework */,
				8A93659A72BBB5C9F19CA5D4 /* Pods_UIKit_MVVM_CTests.framework */,
			);
			name = Frameworks;
			sourceTree = "<group>";
		};
/* End PBXGroup section */

/* Begin PBXNativeTarget section */
		00ED0FEF2954BBBD004F9397 /* UIKit-MVVM-C */ = {
			isa = PBXNativeTarget;
			buildConfigurationList = 00ED10042954BBBE004F9397 /* Build configuration list for PBXNativeTarget "UIKit-MVVM-C" */;
			buildPhases = (
				D981B1726EBE2F77362B9064 /* [CP] Check Pods Manifest.lock */,
				00ED0FEC2954BBBD004F9397 /* Sources */,
				00ED0FED2954BBBD004F9397 /* Frameworks */,
				00ED0FEE2954BBBD004F9397 /* Resources */,
				3F2F00BBDFC0305793DD37FC /* [CP] Embed Pods Frameworks */,
			);
			buildRules = (
			);
			dependencies = (
			);
			name = "UIKit-MVVM-C";
			productName = "UIKit-MVVM-C";
			productReference = 00ED0FF02954BBBD004F9397 /* UIKit-MVVM-C.app */;
			productType = "com.apple.product-type.application";
		};
		00ED100A2954BBE7004F9397 /* UIKit-MVVM-CTests */ = {
			isa = PBXNativeTarget;
			buildConfigurationList = 00ED10112954BBE7004F9397 /* Build configuration list for PBXNativeTarget "UIKit-MVVM-CTests" */;
			buildPhases = (
				14A8D4FFD9FDEF5B201C51E4 /* [CP] Check Pods Manifest.lock */,
				00ED10072954BBE7004F9397 /* Sources */,
				00ED10082954BBE7004F9397 /* Frameworks */,
				00ED10092954BBE7004F9397 /* Resources */,
			);
			buildRules = (
			);
			dependencies = (
				00ED10102954BBE7004F9397 /* PBXTargetDependency */,
			);
			name = "UIKit-MVVM-CTests";
			productName = "UIKit-MVVM-CTests";
			productReference = 00ED100B2954BBE7004F9397 /* UIKit-MVVM-CTests.xctest */;
			productType = "com.apple.product-type.bundle.unit-test";
		};
/* End PBXNativeTarget section */

/* Begin PBXProject section */
		00ED0FE82954BBBC004F9397 /* Project object */ = {
			isa = PBXProject;
			attributes = {
				BuildIndependentTargetsInParallel = 1;
				LastSwiftUpdateCheck = 1420;
				LastUpgradeCheck = 1420;
				TargetAttributes = {
					00ED0FEF2954BBBD004F9397 = {
						CreatedOnToolsVersion = 14.2;
					};
					00ED100A2954BBE7004F9397 = {
						CreatedOnToolsVersion = 14.2;
						TestTargetID = 00ED0FEF2954BBBD004F9397;
					};
				};
			};
			buildConfigurationList = 00ED0FEB2954BBBC004F9397 /* Build configuration list for PBXProject "UIKit-MVVM-C" */;
			compatibilityVersion = "Xcode 14.0";
			developmentRegion = en;
			hasScannedForEncodings = 0;
			knownRegions = (
				en,
				Base,
			);
			mainGroup = 00ED0FE72954BBBC004F9397;
			productRefGroup = 00ED0FF12954BBBD004F9397 /* Products */;
			projectDirPath = "";
			projectRoot = "";
			targets = (
				00ED0FEF2954BBBD004F9397 /* UIKit-MVVM-C */,
				00ED100A2954BBE7004F9397 /* UIKit-MVVM-CTests */,
			);
		};
/* End PBXProject section */

/* Begin PBXResourcesBuildPhase section */
		00ED0FEE2954BBBD004F9397 /* Resources */ = {
			isa = PBXResourcesBuildPhase;
			buildActionMask = 2147483647;
			files = (
				00ED10002954BBBE004F9397 /* LaunchScreen.storyboard in Resources */,
				00ED0FFD2954BBBE004F9397 /* Assets.xcassets in Resources */,
			);
			runOnlyForDeploymentPostprocessing = 0;
		};
		00ED10092954BBE7004F9397 /* Resources */ = {
			isa = PBXResourcesBuildPhase;
			buildActionMask = 2147483647;
			files = (
			);
			runOnlyForDeploymentPostprocessing = 0;
		};
/* End PBXResourcesBuildPhase section */

/* Begin PBXShellScriptBuildPhase section */
		14A8D4FFD9FDEF5B201C51E4 /* [CP] Check Pods Manifest.lock */ = {
			isa = PBXShellScriptBuildPhase;
			buildActionMask = 2147483647;
			files = (
			);
			inputFileListPaths = (
			);
			inputPaths = (
				"${PODS_PODFILE_DIR_PATH}/Podfile.lock",
				"${PODS_ROOT}/Manifest.lock",
			);
			name = "[CP] Check Pods Manifest.lock";
			outputFileListPaths = (
			);
			outputPaths = (
				"$(DERIVED_FILE_DIR)/Pods-UIKit-MVVM-CTests-checkManifestLockResult.txt",
			);
			runOnlyForDeploymentPostprocessing = 0;
			shellPath = /bin/sh;
			shellScript = "diff \"${PODS_PODFILE_DIR_PATH}/Podfile.lock\" \"${PODS_ROOT}/Manifest.lock\" > /dev/null\nif [ $? != 0 ] ; then\n    # print error to STDERR\n    echo \"error: The sandbox is not in sync with the Podfile.lock. Run 'pod install' or update your CocoaPods installation.\" >&2\n    exit 1\nfi\n# This output is used by Xcode 'outputs' to avoid re-running this script phase.\necho \"SUCCESS\" > \"${SCRIPT_OUTPUT_FILE_0}\"\n";
			showEnvVarsInLog = 0;
		};
		3F2F00BBDFC0305793DD37FC /* [CP] Embed Pods Frameworks */ = {
			isa = PBXShellScriptBuildPhase;
			buildActionMask = 2147483647;
			files = (
			);
			inputFileListPaths = (
				"${PODS_ROOT}/Target Support Files/Pods-UIKit-MVVM-C/Pods-UIKit-MVVM-C-frameworks-${CONFIGURATION}-input-files.xcfilelist",
			);
			name = "[CP] Embed Pods Frameworks";
			outputFileListPaths = (
				"${PODS_ROOT}/Target Support Files/Pods-UIKit-MVVM-C/Pods-UIKit-MVVM-C-frameworks-${CONFIGURATION}-output-files.xcfilelist",
			);
			runOnlyForDeploymentPostprocessing = 0;
			shellPath = /bin/sh;
			shellScript = "\"${PODS_ROOT}/Target Support Files/Pods-UIKit-MVVM-C/Pods-UIKit-MVVM-C-frameworks.sh\"\n";
			showEnvVarsInLog = 0;
		};
		D981B1726EBE2F77362B9064 /* [CP] Check Pods Manifest.lock */ = {
			isa = PBXShellScriptBuildPhase;
			buildActionMask = 2147483647;
			files = (
			);
			inputFileListPaths = (
			);
			inputPaths = (
				"${PODS_PODFILE_DIR_PATH}/Podfile.lock",
				"${PODS_ROOT}/Manifest.lock",
			);
			name = "[CP] Check Pods Manifest.lock";
			outputFileListPaths = (
			);
			outputPaths = (
				"$(DERIVED_FILE_DIR)/Pods-UIKit-MVVM-C-checkManifestLockResult.txt",
			);
			runOnlyForDeploymentPostprocessing = 0;
			shellPath = /bin/sh;
			shellScript = "diff \"${PODS_PODFILE_DIR_PATH}/Podfile.lock\" \"${PODS_ROOT}/Manifest.lock\" > /dev/null\nif [ $? != 0 ] ; then\n    # print error to STDERR\n    echo \"error: The sandbox is not in sync with the Podfile.lock. Run 'pod install' or update your CocoaPods installation.\" >&2\n    exit 1\nfi\n# This output is used by Xcode 'outputs' to avoid re-running this script phase.\necho \"SUCCESS\" > \"${SCRIPT_OUTPUT_FILE_0}\"\n";
			showEnvVarsInLog = 0;
		};
/* End PBXShellScriptBuildPhase section */

/* Begin PBXSourcesBuildPhase section */
		00ED0FEC2954BBBD004F9397 /* Sources */ = {
			isa = PBXSourcesBuildPhase;
			buildActionMask = 2147483647;
			files = (
				187E762D2D0F2434000A6303 /* UserDefaultBoolPropertyWrapper.swift in Sources */,
				187E76672D0F2884000A6303 /* HomeViewModel.swift in Sources */,
				5DDB3A0E2D11984B00CEDD0D /* MeshGradientOverview.swift in Sources */,
				187E765D2D0F2884000A6303 /* ForgotPasswordViewController.swift in Sources */,
				187E76202D0F2434000A6303 /* Container+ServiceRegistrations.swift in Sources */,
				187E765C2D0F2884000A6303 /* ForgotPasswordCoordinator.swift in Sources */,
				187E765F2D0F2884000A6303 /* SignInCoordinator.swift in Sources */,
				187E76232D0F2434000A6303 /* UIView+RandomGradientBackground.swift in Sources */,
				187E76272D0F2434000A6303 /* AuthenticationNetworkServicing.swift in Sources */,
				187E76262D0F2434000A6303 /* AuthenticationNetworkService.swift in Sources */,
				187E76622D0F2884000A6303 /* SignUpCoordinator.swift in Sources */,
				5DDB3A112D11C10200CEDD0D /* BaseViewController.swift in Sources */,
				00ED0FF42954BBBD004F9397 /* AppDelegate.swift in Sources */,
				187E76242D0F2434000A6303 /* SignUpModel.swift in Sources */,
				187E76652D0F2884000A6303 /* MainAppCoordinator.swift in Sources */,
				187E762C2D0F2434000A6303 /* SessionManaging.swift in Sources */,
				187E76642D0F2884000A6303 /* AppCoordinator.swift in Sources */,
				187E762E2D0F2434000A6303 /* Coordinator.swift in Sources */,
				187E762F2D0F2434000A6303 /* ItemViewModel.swift in Sources */,
				187E76222D0F2434000A6303 /* NotificationName+Extension.swift in Sources */,
				187E76252D0F2434000A6303 /* User.swift in Sources */,
				187E76632D0F2884000A6303 /* SignUpViewController.swift in Sources */,
				187E762B2D0F2434000A6303 /* SessionManager.swift in Sources */,
				187E762A2D0F2434000A6303 /* APIManaging.swift in Sources */,
				187E76302D0F2434000A6303 /* ViewModelContainer.swift in Sources */,
				187E76602D0F2884000A6303 /* SignInViewController.swift in Sources */,
				187E76282D0F2434000A6303 /* AuthenticationTarget.swift in Sources */,
				187E761F2D0F2434000A6303 /* Container+Registrations.swift in Sources */,
				187E76292D0F2434000A6303 /* APIManager.swift in Sources */,
				187E76212D0F2434000A6303 /* Container+ViewModelRestrations.swift in Sources */,
				187E76662D0F2884000A6303 /* HomeViewController.swift in Sources */,
				187E76612D0F2884000A6303 /* SignInViewModel.swift in Sources */,
				00ED0FF62954BBBD004F9397 /* SceneDelegate.swift in Sources */,
				187E765E2D0F2884000A6303 /* LogoutViewController.swift in Sources */,
				187E76692D0F2884000A6303 /* OnboardingViewController.swift in Sources */,
				187E76312D0F2434000A6303 /* ViewModelType.swift in Sources */,
				187E76682D0F2884000A6303 /* OnboardingCoordinator.swift in Sources */,
			);
			runOnlyForDeploymentPostprocessing = 0;
		};
		00ED10072954BBE7004F9397 /* Sources */ = {
			isa = PBXSourcesBuildPhase;
			buildActionMask = 2147483647;
			files = (
				00539673296087C50074C836 /* JSONLoader.swift in Sources */,
				187E76442D0F24E4000A6303 /* SignInViewModelTests.swift in Sources */,
				187E76422D0F24CB000A6303 /* MockSignInViewModel.swift in Sources */,
			);
			runOnlyForDeploymentPostprocessing = 0;
		};
/* End PBXSourcesBuildPhase section */

/* Begin PBXTargetDependency section */
		00ED10102954BBE7004F9397 /* PBXTargetDependency */ = {
			isa = PBXTargetDependency;
			target = 00ED0FEF2954BBBD004F9397 /* UIKit-MVVM-C */;
			targetProxy = 00ED100F2954BBE7004F9397 /* PBXContainerItemProxy */;
		};
/* End PBXTargetDependency section */

/* Begin PBXVariantGroup section */
		00ED0FFE2954BBBE004F9397 /* LaunchScreen.storyboard */ = {
			isa = PBXVariantGroup;
			children = (
				00ED0FFF2954BBBE004F9397 /* Base */,
			);
			name = LaunchScreen.storyboard;
			sourceTree = "<group>";
		};
/* End PBXVariantGroup section */

/* Begin XCBuildConfiguration section */
		00ED10022954BBBE004F9397 /* Debug */ = {
			isa = XCBuildConfiguration;
			buildSettings = {
				ALWAYS_SEARCH_USER_PATHS = NO;
				CLANG_ANALYZER_NONNULL = YES;
				CLANG_ANALYZER_NUMBER_OBJECT_CONVERSION = YES_AGGRESSIVE;
				CLANG_CXX_LANGUAGE_STANDARD = "gnu++20";
				CLANG_ENABLE_MODULES = YES;
				CLANG_ENABLE_OBJC_ARC = YES;
				CLANG_ENABLE_OBJC_WEAK = YES;
				CLANG_WARN_BLOCK_CAPTURE_AUTORELEASING = YES;
				CLANG_WARN_BOOL_CONVERSION = YES;
				CLANG_WARN_COMMA = YES;
				CLANG_WARN_CONSTANT_CONVERSION = YES;
				CLANG_WARN_DEPRECATED_OBJC_IMPLEMENTATIONS = YES;
				CLANG_WARN_DIRECT_OBJC_ISA_USAGE = YES_ERROR;
				CLANG_WARN_DOCUMENTATION_COMMENTS = YES;
				CLANG_WARN_EMPTY_BODY = YES;
				CLANG_WARN_ENUM_CONVERSION = YES;
				CLANG_WARN_INFINITE_RECURSION = YES;
				CLANG_WARN_INT_CONVERSION = YES;
				CLANG_WARN_NON_LITERAL_NULL_CONVERSION = YES;
				CLANG_WARN_OBJC_IMPLICIT_RETAIN_SELF = YES;
				CLANG_WARN_OBJC_LITERAL_CONVERSION = YES;
				CLANG_WARN_OBJC_ROOT_CLASS = YES_ERROR;
				CLANG_WARN_QUOTED_INCLUDE_IN_FRAMEWORK_HEADER = YES;
				CLANG_WARN_RANGE_LOOP_ANALYSIS = YES;
				CLANG_WARN_STRICT_PROTOTYPES = YES;
				CLANG_WARN_SUSPICIOUS_MOVE = YES;
				CLANG_WARN_UNGUARDED_AVAILABILITY = YES_AGGRESSIVE;
				CLANG_WARN_UNREACHABLE_CODE = YES;
				CLANG_WARN__DUPLICATE_METHOD_MATCH = YES;
				COPY_PHASE_STRIP = NO;
				DEBUG_INFORMATION_FORMAT = dwarf;
				ENABLE_STRICT_OBJC_MSGSEND = YES;
				ENABLE_TESTABILITY = YES;
				GCC_C_LANGUAGE_STANDARD = gnu11;
				GCC_DYNAMIC_NO_PIC = NO;
				GCC_NO_COMMON_BLOCKS = YES;
				GCC_OPTIMIZATION_LEVEL = 0;
				GCC_PREPROCESSOR_DEFINITIONS = (
					"DEBUG=1",
					"$(inherited)",
				);
				GCC_WARN_64_TO_32_BIT_CONVERSION = YES;
				GCC_WARN_ABOUT_RETURN_TYPE = YES_ERROR;
				GCC_WARN_UNDECLARED_SELECTOR = YES;
				GCC_WARN_UNINITIALIZED_AUTOS = YES_AGGRESSIVE;
				GCC_WARN_UNUSED_FUNCTION = YES;
				GCC_WARN_UNUSED_VARIABLE = YES;
				IPHONEOS_DEPLOYMENT_TARGET = 18.0;
				MTL_ENABLE_DEBUG_INFO = INCLUDE_SOURCE;
				MTL_FAST_MATH = YES;
				ONLY_ACTIVE_ARCH = YES;
				SDKROOT = iphoneos;
				SWIFT_ACTIVE_COMPILATION_CONDITIONS = DEBUG;
				SWIFT_OPTIMIZATION_LEVEL = "-Onone";
			};
			name = Debug;
		};
		00ED10032954BBBE004F9397 /* Release */ = {
			isa = XCBuildConfiguration;
			buildSettings = {
				ALWAYS_SEARCH_USER_PATHS = NO;
				CLANG_ANALYZER_NONNULL = YES;
				CLANG_ANALYZER_NUMBER_OBJECT_CONVERSION = YES_AGGRESSIVE;
				CLANG_CXX_LANGUAGE_STANDARD = "gnu++20";
				CLANG_ENABLE_MODULES = YES;
				CLANG_ENABLE_OBJC_ARC = YES;
				CLANG_ENABLE_OBJC_WEAK = YES;
				CLANG_WARN_BLOCK_CAPTURE_AUTORELEASING = YES;
				CLANG_WARN_BOOL_CONVERSION = YES;
				CLANG_WARN_COMMA = YES;
				CLANG_WARN_CONSTANT_CONVERSION = YES;
				CLANG_WARN_DEPRECATED_OBJC_IMPLEMENTATIONS = YES;
				CLANG_WARN_DIRECT_OBJC_ISA_USAGE = YES_ERROR;
				CLANG_WARN_DOCUMENTATION_COMMENTS = YES;
				CLANG_WARN_EMPTY_BODY = YES;
				CLANG_WARN_ENUM_CONVERSION = YES;
				CLANG_WARN_INFINITE_RECURSION = YES;
				CLANG_WARN_INT_CONVERSION = YES;
				CLANG_WARN_NON_LITERAL_NULL_CONVERSION = YES;
				CLANG_WARN_OBJC_IMPLICIT_RETAIN_SELF = YES;
				CLANG_WARN_OBJC_LITERAL_CONVERSION = YES;
				CLANG_WARN_OBJC_ROOT_CLASS = YES_ERROR;
				CLANG_WARN_QUOTED_INCLUDE_IN_FRAMEWORK_HEADER = YES;
				CLANG_WARN_RANGE_LOOP_ANALYSIS = YES;
				CLANG_WARN_STRICT_PROTOTYPES = YES;
				CLANG_WARN_SUSPICIOUS_MOVE = YES;
				CLANG_WARN_UNGUARDED_AVAILABILITY = YES_AGGRESSIVE;
				CLANG_WARN_UNREACHABLE_CODE = YES;
				CLANG_WARN__DUPLICATE_METHOD_MATCH = YES;
				COPY_PHASE_STRIP = NO;
				DEBUG_INFORMATION_FORMAT = "dwarf-with-dsym";
				ENABLE_NS_ASSERTIONS = NO;
				ENABLE_STRICT_OBJC_MSGSEND = YES;
				GCC_C_LANGUAGE_STANDARD = gnu11;
				GCC_NO_COMMON_BLOCKS = YES;
				GCC_WARN_64_TO_32_BIT_CONVERSION = YES;
				GCC_WARN_ABOUT_RETURN_TYPE = YES_ERROR;
				GCC_WARN_UNDECLARED_SELECTOR = YES;
				GCC_WARN_UNINITIALIZED_AUTOS = YES_AGGRESSIVE;
				GCC_WARN_UNUSED_FUNCTION = YES;
				GCC_WARN_UNUSED_VARIABLE = YES;
				IPHONEOS_DEPLOYMENT_TARGET = 18.0;
				MTL_ENABLE_DEBUG_INFO = NO;
				MTL_FAST_MATH = YES;
				SDKROOT = iphoneos;
				SWIFT_COMPILATION_MODE = wholemodule;
				SWIFT_OPTIMIZATION_LEVEL = "-O";
				VALIDATE_PRODUCT = YES;
			};
			name = Release;
		};
		00ED10052954BBBE004F9397 /* Debug */ = {
			isa = XCBuildConfiguration;
			baseConfigurationReference = B34C11E876FE67C265F21354 /* Pods-UIKit-MVVM-C.debug.xcconfig */;
			buildSettings = {
				ASSETCATALOG_COMPILER_APPICON_NAME = AppIcon;
				ASSETCATALOG_COMPILER_GLOBAL_ACCENT_COLOR_NAME = AccentColor;
				CODE_SIGN_STYLE = Automatic;
				CURRENT_PROJECT_VERSION = 1;
				DEVELOPMENT_TEAM = 94KKN3D4YS;
				GENERATE_INFOPLIST_FILE = YES;
				INFOPLIST_FILE = "UIKit-MVVM-C/Info.plist";
				INFOPLIST_KEY_UIApplicationSupportsIndirectInputEvents = YES;
				INFOPLIST_KEY_UILaunchStoryboardName = LaunchScreen;
				INFOPLIST_KEY_UIMainStoryboardFile = "";
				INFOPLIST_KEY_UISupportedInterfaceOrientations_iPad = "UIInterfaceOrientationPortrait UIInterfaceOrientationPortraitUpsideDown UIInterfaceOrientationLandscapeLeft UIInterfaceOrientationLandscapeRight";
				INFOPLIST_KEY_UISupportedInterfaceOrientations_iPhone = "UIInterfaceOrientationPortrait UIInterfaceOrientationLandscapeLeft UIInterfaceOrientationLandscapeRight";
				IPHONEOS_DEPLOYMENT_TARGET = 18.0;
				LD_RUNPATH_SEARCH_PATHS = (
					"$(inherited)",
					"@executable_path/Frameworks",
				);
				MARKETING_VERSION = 1.0;
				PRODUCT_BUNDLE_IDENTIFIER = "com.nch.UIKit-MVVM-C";
				PRODUCT_NAME = "$(TARGET_NAME)";
				SWIFT_EMIT_LOC_STRINGS = YES;
				SWIFT_VERSION = 5.0;
				TARGETED_DEVICE_FAMILY = "1,2";
			};
			name = Debug;
		};
		00ED10062954BBBE004F9397 /* Release */ = {
			isa = XCBuildConfiguration;
			baseConfigurationReference = 9BE49B97CA3397D5468EF3D1 /* Pods-UIKit-MVVM-C.release.xcconfig */;
			buildSettings = {
				ASSETCATALOG_COMPILER_APPICON_NAME = AppIcon;
				ASSETCATALOG_COMPILER_GLOBAL_ACCENT_COLOR_NAME = AccentColor;
				CODE_SIGN_STYLE = Automatic;
				CURRENT_PROJECT_VERSION = 1;
				DEVELOPMENT_TEAM = 94KKN3D4YS;
				GENERATE_INFOPLIST_FILE = YES;
				INFOPLIST_FILE = "UIKit-MVVM-C/Info.plist";
				INFOPLIST_KEY_UIApplicationSupportsIndirectInputEvents = YES;
				INFOPLIST_KEY_UILaunchStoryboardName = LaunchScreen;
				INFOPLIST_KEY_UIMainStoryboardFile = "";
				INFOPLIST_KEY_UISupportedInterfaceOrientations_iPad = "UIInterfaceOrientationPortrait UIInterfaceOrientationPortraitUpsideDown UIInterfaceOrientationLandscapeLeft UIInterfaceOrientationLandscapeRight";
				INFOPLIST_KEY_UISupportedInterfaceOrientations_iPhone = "UIInterfaceOrientationPortrait UIInterfaceOrientationLandscapeLeft UIInterfaceOrientationLandscapeRight";
				IPHONEOS_DEPLOYMENT_TARGET = 18.0;
				LD_RUNPATH_SEARCH_PATHS = (
					"$(inherited)",
					"@executable_path/Frameworks",
				);
				MARKETING_VERSION = 1.0;
				PRODUCT_BUNDLE_IDENTIFIER = "com.nch.UIKit-MVVM-C";
				PRODUCT_NAME = "$(TARGET_NAME)";
				SWIFT_EMIT_LOC_STRINGS = YES;
				SWIFT_VERSION = 5.0;
				TARGETED_DEVICE_FAMILY = "1,2";
			};
			name = Release;
		};
		00ED10122954BBE7004F9397 /* Debug */ = {
			isa = XCBuildConfiguration;
			baseConfigurationReference = CC1092B1053125ED8CA06FB4 /* Pods-UIKit-MVVM-CTests.debug.xcconfig */;
			buildSettings = {
				BUNDLE_LOADER = "$(TEST_HOST)";
				CODE_SIGN_STYLE = Automatic;
				CURRENT_PROJECT_VERSION = 1;
				DEVELOPMENT_TEAM = 94KKN3D4YS;
				GENERATE_INFOPLIST_FILE = YES;
				IPHONEOS_DEPLOYMENT_TARGET = 18.0;
				MARKETING_VERSION = 1.0;
				PRODUCT_BUNDLE_IDENTIFIER = "com.nch.UIKit-MVVM-CTests";
				PRODUCT_NAME = "$(TARGET_NAME)";
				SWIFT_EMIT_LOC_STRINGS = NO;
				SWIFT_VERSION = 5.0;
				TARGETED_DEVICE_FAMILY = "1,2";
				TEST_HOST = "$(BUILT_PRODUCTS_DIR)/UIKit-MVVM-C.app/$(BUNDLE_EXECUTABLE_FOLDER_PATH)/UIKit-MVVM-C";
			};
			name = Debug;
		};
		00ED10132954BBE7004F9397 /* Release */ = {
			isa = XCBuildConfiguration;
			baseConfigurationReference = 4500DCFBB267938919DE9EE7 /* Pods-UIKit-MVVM-CTests.release.xcconfig */;
			buildSettings = {
				BUNDLE_LOADER = "$(TEST_HOST)";
				CODE_SIGN_STYLE = Automatic;
				CURRENT_PROJECT_VERSION = 1;
				DEVELOPMENT_TEAM = 94KKN3D4YS;
				GENERATE_INFOPLIST_FILE = YES;
				IPHONEOS_DEPLOYMENT_TARGET = 18.0;
				MARKETING_VERSION = 1.0;
				PRODUCT_BUNDLE_IDENTIFIER = "com.nch.UIKit-MVVM-CTests";
				PRODUCT_NAME = "$(TARGET_NAME)";
				SWIFT_EMIT_LOC_STRINGS = NO;
				SWIFT_VERSION = 5.0;
				TARGETED_DEVICE_FAMILY = "1,2";
				TEST_HOST = "$(BUILT_PRODUCTS_DIR)/UIKit-MVVM-C.app/$(BUNDLE_EXECUTABLE_FOLDER_PATH)/UIKit-MVVM-C";
			};
			name = Release;
		};
/* End XCBuildConfiguration section */

/* Begin XCConfigurationList section */
		00ED0FEB2954BBBC004F9397 /* Build configuration list for PBXProject "UIKit-MVVM-C" */ = {
			isa = XCConfigurationList;
			buildConfigurations = (
				00ED10022954BBBE004F9397 /* Debug */,
				00ED10032954BBBE004F9397 /* Release */,
			);
			defaultConfigurationIsVisible = 0;
			defaultConfigurationName = Release;
		};
		00ED10042954BBBE004F9397 /* Build configuration list for PBXNativeTarget "UIKit-MVVM-C" */ = {
			isa = XCConfigurationList;
			buildConfigurations = (
				00ED10052954BBBE004F9397 /* Debug */,
				00ED10062954BBBE004F9397 /* Release */,
			);
			defaultConfigurationIsVisible = 0;
			defaultConfigurationName = Release;
		};
		00ED10112954BBE7004F9397 /* Build configuration list for PBXNativeTarget "UIKit-MVVM-CTests" */ = {
			isa = XCConfigurationList;
			buildConfigurations = (
				00ED10122954BBE7004F9397 /* Debug */,
				00ED10132954BBE7004F9397 /* Release */,
			);
			defaultConfigurationIsVisible = 0;
			defaultConfigurationName = Release;
		};
/* End XCConfigurationList section */
	};
	rootObject = 00ED0FE82954BBBC004F9397 /* Project object */;
}
